
Microsoft Visual Studio Solution File, Format Version 11.00
# Visual Studio 2010
Project("{FAE04EC0-301F-11D3-BF4B-00C04F79EFBC}") = "Assembly-CSharp", "Assembly-CSharp.csproj", "{01E9C83E-CAFA-292A-60CF-C90284923060}"
EndProject
Project("{FAE04EC0-301F-11D3-BF4B-00C04F79EFBC}") = "Assembly-CSharp-firstpass", "Assembly-CSharp-firstpass.csproj", "{4FFF5781-5093-D25F-A92F-433AD62E09EC}"
EndProject
Global
	GlobalSection(SolutionConfigurationPlatforms) = preSolution
		Debug|Any CPU = Debug|Any CPU
		Release|Any CPU = Release|Any CPU
	EndGlobalSection
	GlobalSection(ProjectConfigurationPlatforms) = postSolution
		{01E9C83E-CAFA-292A-60CF-C90284923060}.Debug|Any CPU.ActiveCfg = Debug|Any CPU
		{01E9C83E-CAFA-292A-60CF-C90284923060}.Debug|Any CPU.Build.0 = Debug|Any CPU
		{01E9C83E-CAFA-292A-60CF-C90284923060}.Release|Any CPU.ActiveCfg = Release|Any CPU
		{01E9C83E-CAFA-292A-60CF-C90284923060}.Release|Any CPU.Build.0 = Release|Any CPU
		{4FFF5781-5093-D25F-A92F-433AD62E09EC}.Debug|Any CPU.ActiveCfg = Debug|Any CPU
		{4FFF5781-5093-D25F-A92F-433AD62E09EC}.Debug|Any CPU.Build.0 = Debug|Any CPU
		{4FFF5781-5093-D25F-A92F-433AD62E09EC}.Release|Any CPU.ActiveCfg = Release|Any CPU
		{4FFF5781-5093-D25F-A92F-433AD62E09EC}.Release|Any CPU.Build.0 = Release|Any CPU
	EndGlobalSection
	GlobalSection(SolutionProperties) = preSolution
		HideSolutionNode = FALSE
	EndGlobalSection
EndGlobal
